
Microsoft Visual Studio Solution File, Format Version 12.00
# Visual Studio Version 17
VisualStudioVersion = 17.7.34031.279
MinimumVisualStudioVersion = 10.0.40219.1
Project("{FAE04EC0-301F-11D3-BF4B-00C04F79EFBC}") = "test_11_10", "test_11_10.csproj", "{EB890EC3-9225-4B99-A11C-C84EAED06A50}"
EndProject
Global
	GlobalSection(SolutionConfigurationPlatforms) = preSolution
		Debug|Any CPU = Debug|Any CPU
		Release|Any CPU = Release|Any CPU
	EndGlobalSection
	GlobalSection(ProjectConfigurationPlatforms) = postSolution
		{EB890EC3-9225-4B99-A11C-C84EAED06A50}.Debug|Any CPU.ActiveCfg = Debug|Any CPU
		{EB890EC3-9225-4B99-A11C-C84EAED06A50}.Debug|Any CPU.Build.0 = Debug|Any CPU
		{EB890EC3-9225-4B99-A11C-C84EAED06A50}.Release|Any CPU.ActiveCfg = Release|Any CPU
		{EB890EC3-9225-4B99-A11C-C84EAED06A50}.Release|Any CPU.Build.0 = Release|Any CPU
	EndGlobalSection
	GlobalSection(SolutionProperties) = preSolution
		HideSolutionNode = FALSE
	EndGlobalSection
	GlobalSection(ExtensibilityGlobals) = postSolution
		SolutionGuid = {4E526A0C-22A7-4A8A-82B3-C963F645D5A1}
	EndGlobalSection
EndGlobal
